
Microsoft Visual Studio Solution File, Format Version 12.00
# Visual Studio Version 16
VisualStudioVersion = 16.0.30621.155
MinimumVisualStudioVersion = 10.0.40219.1
Project("{9A19103F-16F7-4668-BE54-9A1E7A4F7556}") = "CrazyBot", "CrazyBot\CrazyBot.csproj", "{6CA03221-9972-40E6-8785-5530025FC33B}"
EndProject
Project("{FAE04EC0-301F-11D3-BF4B-00C04F79EFBC}") = "CrazyBotTest", "CrazyBotTest\CrazyBotTest.csproj", "{34E85C74-1D6F-4DAE-985B-B4D3E9B14080}"
EndProject
Global
	GlobalSection(SolutionConfigurationPlatforms) = preSolution
		Debug|Any CPU = Debug|Any CPU
		Release|Any CPU = Release|Any CPU
	EndGlobalSection
	GlobalSection(ProjectConfigurationPlatforms) = postSolution
		{6CA03221-9972-40E6-8785-5530025FC33B}.Debug|Any CPU.ActiveCfg = Debug|Any CPU
		{6CA03221-9972-40E6-8785-5530025FC33B}.Debug|Any CPU.Build.0 = Debug|Any CPU
		{6CA03221-9972-40E6-8785-5530025FC33B}.Release|Any CPU.ActiveCfg = Release|Any CPU
		{6CA03221-9972-40E6-8785-5530025FC33B}.Release|Any CPU.Build.0 = Release|Any CPU
		{34E85C74-1D6F-4DAE-985B-B4D3E9B14080}.Debug|Any CPU.ActiveCfg = Debug|Any CPU
		{34E85C74-1D6F-4DAE-985B-B4D3E9B14080}.Debug|Any CPU.Build.0 = Debug|Any CPU
		{34E85C74-1D6F-4DAE-985B-B4D3E9B14080}.Release|Any CPU.ActiveCfg = Release|Any CPU
		{34E85C74-1D6F-4DAE-985B-B4D3E9B14080}.Release|Any CPU.Build.0 = Release|Any CPU
	EndGlobalSection
	GlobalSection(SolutionProperties) = preSolution
		HideSolutionNode = FALSE
	EndGlobalSection
	GlobalSection(ExtensibilityGlobals) = postSolution
		SolutionGuid = {E80F196C-552D-46B4-84CB-B081CD844E9D}
	EndGlobalSection
EndGlobal
