
Microsoft Visual Studio Solution File, Format Version 12.00
# Visual Studio Version 16
VisualStudioVersion = 16.0.30621.155
MinimumVisualStudioVersion = 10.0.40219.1
Project("{9A19103F-16F7-4668-BE54-9A1E7A4F7556}") = "FileExplorer", "FileExplorer\FileExplorer.csproj", "{D3B120B1-BFD2-497B-B5AA-B2EA2EE5E979}"
EndProject
Global
	GlobalSection(SolutionConfigurationPlatforms) = preSolution
		Debug|Any CPU = Debug|Any CPU
		Release|Any CPU = Release|Any CPU
	EndGlobalSection
	GlobalSection(ProjectConfigurationPlatforms) = postSolution
		{D3B120B1-BFD2-497B-B5AA-B2EA2EE5E979}.Debug|Any CPU.ActiveCfg = Debug|Any CPU
		{D3B120B1-BFD2-497B-B5AA-B2EA2EE5E979}.Debug|Any CPU.Build.0 = Debug|Any CPU
		{D3B120B1-BFD2-497B-B5AA-B2EA2EE5E979}.Release|Any CPU.ActiveCfg = Release|Any CPU
		{D3B120B1-BFD2-497B-B5AA-B2EA2EE5E979}.Release|Any CPU.Build.0 = Release|Any CPU
	EndGlobalSection
	GlobalSection(SolutionProperties) = preSolution
		HideSolutionNode = FALSE
	EndGlobalSection
	GlobalSection(ExtensibilityGlobals) = postSolution
		SolutionGuid = {8A66AB5D-5CC2-4ADC-896C-072762050910}
	EndGlobalSection
EndGlobal
