
Microsoft Visual Studio Solution File, Format Version 12.00
# Visual Studio Version 16
VisualStudioVersion = 16.0.30621.155
MinimumVisualStudioVersion = 10.0.40219.1
Project("{FAE04EC0-301F-11D3-BF4B-00C04F79EFBC}") = "CodeEditor", "CodeEditor\CodeEditor.csproj", "{C0C9742D-0CE7-4D98-A00A-45F55BD3D4FD}"
EndProject
Global
	GlobalSection(SolutionConfigurationPlatforms) = preSolution
		Debug|Any CPU = Debug|Any CPU
		Release|Any CPU = Release|Any CPU
	EndGlobalSection
	GlobalSection(ProjectConfigurationPlatforms) = postSolution
		{C0C9742D-0CE7-4D98-A00A-45F55BD3D4FD}.Debug|Any CPU.ActiveCfg = Debug|Any CPU
		{C0C9742D-0CE7-4D98-A00A-45F55BD3D4FD}.Debug|Any CPU.Build.0 = Debug|Any CPU
		{C0C9742D-0CE7-4D98-A00A-45F55BD3D4FD}.Release|Any CPU.ActiveCfg = Release|Any CPU
		{C0C9742D-0CE7-4D98-A00A-45F55BD3D4FD}.Release|Any CPU.Build.0 = Release|Any CPU
	EndGlobalSection
	GlobalSection(SolutionProperties) = preSolution
		HideSolutionNode = FALSE
	EndGlobalSection
	GlobalSection(ExtensibilityGlobals) = postSolution
		SolutionGuid = {098047B5-5E1A-491E-968C-9C16A859B372}
	EndGlobalSection
EndGlobal
