
Microsoft Visual Studio Solution File, Format Version 12.00
# Visual Studio Version 16
VisualStudioVersion = 16.0.30621.155
MinimumVisualStudioVersion = 10.0.40219.1
Project("{9A19103F-16F7-4668-BE54-9A1E7A4F7556}") = "RoboChase", "RoboChase\RoboChase.csproj", "{CEA0D83C-E293-4FCE-90EE-CDD12406F9A5}"
EndProject
Project("{FAE04EC0-301F-11D3-BF4B-00C04F79EFBC}") = "RoboChaseTest", "RoboChaseTest\RoboChaseTest.csproj", "{875F9371-318A-466C-A88E-C4E1E468899E}"
EndProject
Global
	GlobalSection(SolutionConfigurationPlatforms) = preSolution
		Debug|Any CPU = Debug|Any CPU
		Release|Any CPU = Release|Any CPU
	EndGlobalSection
	GlobalSection(ProjectConfigurationPlatforms) = postSolution
		{CEA0D83C-E293-4FCE-90EE-CDD12406F9A5}.Debug|Any CPU.ActiveCfg = Debug|Any CPU
		{CEA0D83C-E293-4FCE-90EE-CDD12406F9A5}.Debug|Any CPU.Build.0 = Debug|Any CPU
		{CEA0D83C-E293-4FCE-90EE-CDD12406F9A5}.Release|Any CPU.ActiveCfg = Release|Any CPU
		{CEA0D83C-E293-4FCE-90EE-CDD12406F9A5}.Release|Any CPU.Build.0 = Release|Any CPU
		{875F9371-318A-466C-A88E-C4E1E468899E}.Debug|Any CPU.ActiveCfg = Debug|Any CPU
		{875F9371-318A-466C-A88E-C4E1E468899E}.Debug|Any CPU.Build.0 = Debug|Any CPU
		{875F9371-318A-466C-A88E-C4E1E468899E}.Release|Any CPU.ActiveCfg = Release|Any CPU
		{875F9371-318A-466C-A88E-C4E1E468899E}.Release|Any CPU.Build.0 = Release|Any CPU
	EndGlobalSection
	GlobalSection(SolutionProperties) = preSolution
		HideSolutionNode = FALSE
	EndGlobalSection
	GlobalSection(ExtensibilityGlobals) = postSolution
		SolutionGuid = {6D37AF5C-C31F-4850-ACF8-ACEF2A32D7D5}
	EndGlobalSection
EndGlobal
