
Microsoft Visual Studio Solution File, Format Version 12.00
# Visual Studio Version 16
VisualStudioVersion = 16.0.30717.126
MinimumVisualStudioVersion = 10.0.40219.1
Project("{FAE04EC0-301F-11D3-BF4B-00C04F79EFBC}") = "Locator", "Locator\Locator.csproj", "{8DB6CE41-BAF0-4150-BC56-AC3384ACFC17}"
EndProject
Global
	GlobalSection(SolutionConfigurationPlatforms) = preSolution
		Debug|Any CPU = Debug|Any CPU
		Release|Any CPU = Release|Any CPU
	EndGlobalSection
	GlobalSection(ProjectConfigurationPlatforms) = postSolution
		{8DB6CE41-BAF0-4150-BC56-AC3384ACFC17}.Debug|Any CPU.ActiveCfg = Debug|Any CPU
		{8DB6CE41-BAF0-4150-BC56-AC3384ACFC17}.Debug|Any CPU.Build.0 = Debug|Any CPU
		{8DB6CE41-BAF0-4150-BC56-AC3384ACFC17}.Release|Any CPU.ActiveCfg = Release|Any CPU
		{8DB6CE41-BAF0-4150-BC56-AC3384ACFC17}.Release|Any CPU.Build.0 = Release|Any CPU
	EndGlobalSection
	GlobalSection(SolutionProperties) = preSolution
		HideSolutionNode = FALSE
	EndGlobalSection
	GlobalSection(ExtensibilityGlobals) = postSolution
		SolutionGuid = {951B04C0-46CA-403E-8C84-388AB72B4966}
	EndGlobalSection
EndGlobal
